
Microsoft Visual Studio Solution File, Format Version 12.00
# Visual Studio Version 17
VisualStudioVersion = 17.5.33414.496
MinimumVisualStudioVersion = 10.0.40219.1
Project("{FAE04EC0-301F-11D3-BF4B-00C04F79EFBC}") = "Entities", "Entities\Entities.csproj", "{B7F87261-C7A6-49EE-9E17-C3066903F6A4}"
EndProject
Project("{FAE04EC0-301F-11D3-BF4B-00C04F79EFBC}") = "DataAccess", "DataAccess\DataAccess.csproj", "{3ED67AAA-78BE-4390-AA61-E76B26DC12E3}"
EndProject
Project("{FAE04EC0-301F-11D3-BF4B-00C04F79EFBC}") = "Business", "Business\Business.csproj", "{37B1772F-8076-48DF-8ACF-0C89AEF4E32C}"
EndProject
Project("{FAE04EC0-301F-11D3-BF4B-00C04F79EFBC}") = "WebUI", "WebUI\WebUI.csproj", "{AB96703A-81C1-4AA0-8876-AA44285667A9}"
EndProject
Global
	GlobalSection(SolutionConfigurationPlatforms) = preSolution
		Debug|Any CPU = Debug|Any CPU
		Release|Any CPU = Release|Any CPU
	EndGlobalSection
	GlobalSection(ProjectConfigurationPlatforms) = postSolution
		{B7F87261-C7A6-49EE-9E17-C3066903F6A4}.Debug|Any CPU.ActiveCfg = Debug|Any CPU
		{B7F87261-C7A6-49EE-9E17-C3066903F6A4}.Debug|Any CPU.Build.0 = Debug|Any CPU
		{B7F87261-C7A6-49EE-9E17-C3066903F6A4}.Release|Any CPU.ActiveCfg = Release|Any CPU
		{B7F87261-C7A6-49EE-9E17-C3066903F6A4}.Release|Any CPU.Build.0 = Release|Any CPU
		{3ED67AAA-78BE-4390-AA61-E76B26DC12E3}.Debug|Any CPU.ActiveCfg = Debug|Any CPU
		{3ED67AAA-78BE-4390-AA61-E76B26DC12E3}.Debug|Any CPU.Build.0 = Debug|Any CPU
		{3ED67AAA-78BE-4390-AA61-E76B26DC12E3}.Release|Any CPU.ActiveCfg = Release|Any CPU
		{3ED67AAA-78BE-4390-AA61-E76B26DC12E3}.Release|Any CPU.Build.0 = Release|Any CPU
		{37B1772F-8076-48DF-8ACF-0C89AEF4E32C}.Debug|Any CPU.ActiveCfg = Debug|Any CPU
		{37B1772F-8076-48DF-8ACF-0C89AEF4E32C}.Debug|Any CPU.Build.0 = Debug|Any CPU
		{37B1772F-8076-48DF-8ACF-0C89AEF4E32C}.Release|Any CPU.ActiveCfg = Release|Any CPU
		{37B1772F-8076-48DF-8ACF-0C89AEF4E32C}.Release|Any CPU.Build.0 = Release|Any CPU
		{AB96703A-81C1-4AA0-8876-AA44285667A9}.Debug|Any CPU.ActiveCfg = Debug|Any CPU
		{AB96703A-81C1-4AA0-8876-AA44285667A9}.Debug|Any CPU.Build.0 = Debug|Any CPU
		{AB96703A-81C1-4AA0-8876-AA44285667A9}.Release|Any CPU.ActiveCfg = Release|Any CPU
		{AB96703A-81C1-4AA0-8876-AA44285667A9}.Release|Any CPU.Build.0 = Release|Any CPU
	EndGlobalSection
	GlobalSection(SolutionProperties) = preSolution
		HideSolutionNode = FALSE
	EndGlobalSection
	GlobalSection(ExtensibilityGlobals) = postSolution
		SolutionGuid = {0918CDB9-C46D-4450-B144-E217132B9E0E}
	EndGlobalSection
EndGlobal
